
Microsoft Visual Studio Solution File, Format Version 12.00
# Visual Studio Version 17
VisualStudioVersion = 17.6.33829.357
MinimumVisualStudioVersion = 10.0.40219.1
Project("{FAE04EC0-301F-11D3-BF4B-00C04F79EFBC}") = "TODO_Web", "TODO_Web\TODO_Web.csproj", "{13EA1F5B-45A0-42DC-A0CA-E0BDAAB3004A}"
EndProject
Project("{FAE04EC0-301F-11D3-BF4B-00C04F79EFBC}") = "TODO_Server", "TODO_Server\TODO_Server.csproj", "{FABB6A42-CC98-4C3D-9B31-43349CEC399C}"
EndProject
Global
	GlobalSection(SolutionConfigurationPlatforms) = preSolution
		Debug|Any CPU = Debug|Any CPU
		Release|Any CPU = Release|Any CPU
	EndGlobalSection
	GlobalSection(ProjectConfigurationPlatforms) = postSolution
		{13EA1F5B-45A0-42DC-A0CA-E0BDAAB3004A}.Debug|Any CPU.ActiveCfg = Debug|Any CPU
		{13EA1F5B-45A0-42DC-A0CA-E0BDAAB3004A}.Debug|Any CPU.Build.0 = Debug|Any CPU
		{13EA1F5B-45A0-42DC-A0CA-E0BDAAB3004A}.Release|Any CPU.ActiveCfg = Release|Any CPU
		{13EA1F5B-45A0-42DC-A0CA-E0BDAAB3004A}.Release|Any CPU.Build.0 = Release|Any CPU
		{FABB6A42-CC98-4C3D-9B31-43349CEC399C}.Debug|Any CPU.ActiveCfg = Debug|Any CPU
		{FABB6A42-CC98-4C3D-9B31-43349CEC399C}.Debug|Any CPU.Build.0 = Debug|Any CPU
		{FABB6A42-CC98-4C3D-9B31-43349CEC399C}.Release|Any CPU.ActiveCfg = Release|Any CPU
		{FABB6A42-CC98-4C3D-9B31-43349CEC399C}.Release|Any CPU.Build.0 = Release|Any CPU
	EndGlobalSection
	GlobalSection(SolutionProperties) = preSolution
		HideSolutionNode = FALSE
	EndGlobalSection
	GlobalSection(ExtensibilityGlobals) = postSolution
		SolutionGuid = {55962525-2992-4F24-9494-787F7F965732}
	EndGlobalSection
EndGlobal
